
Microsoft Visual Studio Solution File, Format Version 12.00
# Visual Studio 14
VisualStudioVersion = 14.0.22823.1
MinimumVisualStudioVersion = 10.0.40219.1
Project("{FAE04EC0-301F-11D3-BF4B-00C04F79EFBC}") = "DragonRising", "DragonRising\DragonRising.csproj", "{049F81B2-5C7B-43F1-9676-91ADC88E2190}"
EndProject
Project("{2150E333-8FDC-42A3-9474-1A3956D46DE8}") = "WPF", "WPF", "{ADD3B333-0C0C-4230-B62E-B00B486169D3}"
EndProject
Project("{FAE04EC0-301F-11D3-BF4B-00C04F79EFBC}") = "DraconicEngine.WPF", "DraconicEngine.WPF\DraconicEngine.WPF.csproj", "{D1F36E51-3852-4B39-B3D8-D36B3EE846DC}"
EndProject
Project("{FAE04EC0-301F-11D3-BF4B-00C04F79EFBC}") = "DraconicEngine", "DraconicEngine\DraconicEngine.csproj", "{A1D0D8F8-4665-4F45-96C0-9F2E1D618D58}"
EndProject
Project("{FAE04EC0-301F-11D3-BF4B-00C04F79EFBC}") = "DragonRising.Game", "DragonRising.Game\DragonRising.Game.csproj", "{971CD2C2-86D3-49F9-8BAD-496056363F21}"
EndProject
Project("{2150E333-8FDC-42A3-9474-1A3956D46DE8}") = "Tests and Experiments", "Tests and Experiments", "{F992FF2F-9562-4C33-85B1-2051DE9AE66A}"
EndProject
Project("{FAE04EC0-301F-11D3-BF4B-00C04F79EFBC}") = "Tinkering", "Tinkering\Tinkering.csproj", "{486EB6E2-EDDD-4C86-9D50-4958CC7C0CB3}"
EndProject
Project("{2150E333-8FDC-42A3-9474-1A3956D46DE8}") = "FSharp", "FSharp", "{D26ACF50-0646-466E-AD93-E1E8C28E8D28}"
EndProject
Project("{F2A71F9B-5D33-465A-A702-920D77279786}") = "DraconicEngineF", "DraconicEngineF\DraconicEngineF.fsproj", "{4AC34ECC-4A96-4668-81FC-7735C7E274E7}"
EndProject
Project("{F2A71F9B-5D33-465A-A702-920D77279786}") = "DragonRisingF", "DragonRisingF\DragonRisingF.fsproj", "{7C8FBC9A-6994-4524-AF98-E6038A42DA3B}"
EndProject
Global
	GlobalSection(SolutionConfigurationPlatforms) = preSolution
		Debug|Any CPU = Debug|Any CPU
		Release|Any CPU = Release|Any CPU
	EndGlobalSection
	GlobalSection(ProjectConfigurationPlatforms) = postSolution
		{049F81B2-5C7B-43F1-9676-91ADC88E2190}.Debug|Any CPU.ActiveCfg = Debug|Any CPU
		{049F81B2-5C7B-43F1-9676-91ADC88E2190}.Debug|Any CPU.Build.0 = Debug|Any CPU
		{049F81B2-5C7B-43F1-9676-91ADC88E2190}.Release|Any CPU.ActiveCfg = Release|Any CPU
		{049F81B2-5C7B-43F1-9676-91ADC88E2190}.Release|Any CPU.Build.0 = Release|Any CPU
		{D1F36E51-3852-4B39-B3D8-D36B3EE846DC}.Debug|Any CPU.ActiveCfg = Debug|Any CPU
		{D1F36E51-3852-4B39-B3D8-D36B3EE846DC}.Debug|Any CPU.Build.0 = Debug|Any CPU
		{D1F36E51-3852-4B39-B3D8-D36B3EE846DC}.Release|Any CPU.ActiveCfg = Release|Any CPU
		{D1F36E51-3852-4B39-B3D8-D36B3EE846DC}.Release|Any CPU.Build.0 = Release|Any CPU
		{A1D0D8F8-4665-4F45-96C0-9F2E1D618D58}.Debug|Any CPU.ActiveCfg = Debug|Any CPU
		{A1D0D8F8-4665-4F45-96C0-9F2E1D618D58}.Debug|Any CPU.Build.0 = Debug|Any CPU
		{A1D0D8F8-4665-4F45-96C0-9F2E1D618D58}.Release|Any CPU.ActiveCfg = Release|Any CPU
		{A1D0D8F8-4665-4F45-96C0-9F2E1D618D58}.Release|Any CPU.Build.0 = Release|Any CPU
		{971CD2C2-86D3-49F9-8BAD-496056363F21}.Debug|Any CPU.ActiveCfg = Debug|Any CPU
		{971CD2C2-86D3-49F9-8BAD-496056363F21}.Debug|Any CPU.Build.0 = Debug|Any CPU
		{971CD2C2-86D3-49F9-8BAD-496056363F21}.Release|Any CPU.ActiveCfg = Release|Any CPU
		{971CD2C2-86D3-49F9-8BAD-496056363F21}.Release|Any CPU.Build.0 = Release|Any CPU
		{486EB6E2-EDDD-4C86-9D50-4958CC7C0CB3}.Debug|Any CPU.ActiveCfg = Debug|Any CPU
		{486EB6E2-EDDD-4C86-9D50-4958CC7C0CB3}.Debug|Any CPU.Build.0 = Debug|Any CPU
		{486EB6E2-EDDD-4C86-9D50-4958CC7C0CB3}.Release|Any CPU.ActiveCfg = Release|Any CPU
		{486EB6E2-EDDD-4C86-9D50-4958CC7C0CB3}.Release|Any CPU.Build.0 = Release|Any CPU
		{4AC34ECC-4A96-4668-81FC-7735C7E274E7}.Debug|Any CPU.ActiveCfg = Debug|Any CPU
		{4AC34ECC-4A96-4668-81FC-7735C7E274E7}.Debug|Any CPU.Build.0 = Debug|Any CPU
		{4AC34ECC-4A96-4668-81FC-7735C7E274E7}.Release|Any CPU.ActiveCfg = Release|Any CPU
		{4AC34ECC-4A96-4668-81FC-7735C7E274E7}.Release|Any CPU.Build.0 = Release|Any CPU
		{7C8FBC9A-6994-4524-AF98-E6038A42DA3B}.Debug|Any CPU.ActiveCfg = Debug|Any CPU
		{7C8FBC9A-6994-4524-AF98-E6038A42DA3B}.Debug|Any CPU.Build.0 = Debug|Any CPU
		{7C8FBC9A-6994-4524-AF98-E6038A42DA3B}.Release|Any CPU.ActiveCfg = Release|Any CPU
		{7C8FBC9A-6994-4524-AF98-E6038A42DA3B}.Release|Any CPU.Build.0 = Release|Any CPU
	EndGlobalSection
	GlobalSection(SolutionProperties) = preSolution
		HideSolutionNode = FALSE
	EndGlobalSection
	GlobalSection(NestedProjects) = preSolution
		{049F81B2-5C7B-43F1-9676-91ADC88E2190} = {ADD3B333-0C0C-4230-B62E-B00B486169D3}
		{D1F36E51-3852-4B39-B3D8-D36B3EE846DC} = {ADD3B333-0C0C-4230-B62E-B00B486169D3}
		{486EB6E2-EDDD-4C86-9D50-4958CC7C0CB3} = {F992FF2F-9562-4C33-85B1-2051DE9AE66A}
		{4AC34ECC-4A96-4668-81FC-7735C7E274E7} = {D26ACF50-0646-466E-AD93-E1E8C28E8D28}
		{7C8FBC9A-6994-4524-AF98-E6038A42DA3B} = {D26ACF50-0646-466E-AD93-E1E8C28E8D28}
	EndGlobalSection
EndGlobal
